// !$*UTF8*$!
{
	archiveVersion = 1;
	classes = {
	};
	objectVersion = 46;
	objects = {

/* Begin PBXBuildFile section */
		F3961654198C5BA50020F1A0 /* AppDelegate.swift in Sources */ = {isa = PBXBuildFile; fileRef = F3961653198C5BA50020F1A0 /* AppDelegate.swift */; };
		F3961656198C5BA50020F1A0 /* ViewController.swift in Sources */ = {isa = PBXBuildFile; fileRef = F3961655198C5BA50020F1A0 /* ViewController.swift */; };
		F3961659198C5BA50020F1A0 /* Main.storyboard in Resources */ = {isa = PBXBuildFile; fileRef = F3961657198C5BA50020F1A0 /* Main.storyboard */; };
		F396165B198C5BA50020F1A0 /* Images.xcassets in Resources */ = {isa = PBXBuildFile; fileRef = F396165A198C5BA50020F1A0 /* Images.xcassets */; };
		F3961667198C5BA50020F1A0 /* TipCalculatorTests.swift in Sources */ = {isa = PBXBuildFile; fileRef = F3961666198C5BA50020F1A0 /* TipCalculatorTests.swift */; };
		F3961671198C5C550020F1A0 /* TipCalculatorModel.swift in Sources */ = {isa = PBXBuildFile; fileRef = F3961670198C5C550020F1A0 /* TipCalculatorModel.swift */; };
/* End PBXBuildFile section */

/* Begin PBXContainerItemProxy section */
		F3961661198C5BA50020F1A0 /* PBXContainerItemProxy */ = {
			isa = PBXContainerItemProxy;
			containerPortal = F3961646198C5BA50020F1A0 /* Project object */;
			proxyType = 1;
			remoteGlobalIDString = F396164D198C5BA50020F1A0;
			remoteInfo = TipCalculator;
		};
/* End PBXContainerItemProxy section */

/* Begin PBXFileReference section */
		F396164E198C5BA50020F1A0 /* TipCalculator.app */ = {isa = PBXFileReference; explicitFileType = wrapper.application; includeInIndex = 0; path = TipCalculator.app; sourceTree = BUILT_PRODUCTS_DIR; };
		F3961652198C5BA50020F1A0 /* Info.plist */ = {isa = PBXFileReference; lastKnownFileType = text.plist.xml; path = Info.plist; sourceTree = "<group>"; };
		F3961653198C5BA50020F1A0 /* AppDelegate.swift */ = {isa = PBXFileReference; lastKnownFileType = sourcecode.swift; path = AppDelegate.swift; sourceTree = "<group>"; };
		F3961655198C5BA50020F1A0 /* ViewController.swift */ = {isa = PBXFileReference; lastKnownFileType = sourcecode.swift; path = ViewController.swift; sourceTree = "<group>"; };
		F3961658198C5BA50020F1A0 /* Base */ = {isa = PBXFileReference; lastKnownFileType = file.storyboard; name = Base; path = Base.lproj/Main.storyboard; sourceTree = "<group>"; };
		F396165A198C5BA50020F1A0 /* Images.xcassets */ = {isa = PBXFileReference; lastKnownFileType = folder.assetcatalog; path = Images.xcassets; sourceTree = "<group>"; };
		F3961660198C5BA50020F1A0 /* TipCalculatorTests.xctest */ = {isa = PBXFileReference; explicitFileType = wrapper.cfbundle; includeInIndex = 0; path = TipCalculatorTests.xctest; sourceTree = BUILT_PRODUCTS_DIR; };
		F3961665198C5BA50020F1A0 /* Info.plist */ = {isa = PBXFileReference; lastKnownFileType = text.plist.xml; path = Info.plist; sourceTree = "<group>"; };
		F3961666198C5BA50020F1A0 /* TipCalculatorTests.swift */ = {isa = PBXFileReference; lastKnownFileType = sourcecode.swift; path = TipCalculatorTests.swift; sourceTree = "<group>"; };
		F3961670198C5C550020F1A0 /* TipCalculatorModel.swift */ = {isa = PBXFileReference; fileEncoding = 4; lastKnownFileType = sourcecode.swift; path = TipCalculatorModel.swift; sourceTree = "<group>"; };
/* End PBXFileReference section */

/* Begin PBXFrameworksBuildPhase section */
		F396164B198C5BA50020F1A0 /* Frameworks */ = {
			isa = PBXFrameworksBuildPhase;
			buildActionMask = 2147483647;
			files = (
			);
			runOnlyForDeploymentPostprocessing = 0;
		};
		F396165D198C5BA50020F1A0 /* Frameworks */ = {
			isa = PBXFrameworksBuildPhase;
			buildActionMask = 2147483647;
			files = (
			);
			runOnlyForDeploymentPostprocessing = 0;
		};
/* End PBXFrameworksBuildPhase section */

/* Begin PBXGroup section */
		F3961645198C5BA50020F1A0 = {
			isa = PBXGroup;
			children = (
				F3961650198C5BA50020F1A0 /* TipCalculator */,
				F3961663198C5BA50020F1A0 /* TipCalculatorTests */,
				F396164F198C5BA50020F1A0 /* Products */,
			);
			sourceTree = "<group>";
		};
		F396164F198C5BA50020F1A0 /* Products */ = {
			isa = PBXGroup;
			children = (
				F396164E198C5BA50020F1A0 /* TipCalculator.app */,
				F3961660198C5BA50020F1A0 /* TipCalculatorTests.xctest */,
			);
			name = Products;
			sourceTree = "<group>";
		};
		F3961650198C5BA50020F1A0 /* TipCalculator */ = {
			isa = PBXGroup;
			children = (
				F3961653198C5BA50020F1A0 /* AppDelegate.swift */,
				F3961655198C5BA50020F1A0 /* ViewController.swift */,
				F3961657198C5BA50020F1A0 /* Main.storyboard */,
				F396165A198C5BA50020F1A0 /* Images.xcassets */,
				F3961670198C5C550020F1A0 /* TipCalculatorModel.swift */,
				F3961651198C5BA50020F1A0 /* Supporting Files */,
			);
			path = TipCalculator;
			sourceTree = "<group>";
		};
		F3961651198C5BA50020F1A0 /* Supporting Files */ = {
			isa = PBXGroup;
			children = (
				F3961652198C5BA50020F1A0 /* Info.plist */,
			);
			name = "Supporting Files";
			sourceTree = "<group>";
		};
		F3961663198C5BA50020F1A0 /* TipCalculatorTests */ = {
			isa = PBXGroup;
			children = (
				F3961666198C5BA50020F1A0 /* TipCalculatorTests.swift */,
				F3961664198C5BA50020F1A0 /* Supporting Files */,
			);
			path = TipCalculatorTests;
			sourceTree = "<group>";
		};
		F3961664198C5BA50020F1A0 /* Supporting Files */ = {
			isa = PBXGroup;
			children = (
				F3961665198C5BA50020F1A0 /* Info.plist */,
			);
			name = "Supporting Files";
			sourceTree = "<group>";
		};
/* End PBXGroup section */

/* Begin PBXNativeTarget section */
		F396164D198C5BA50020F1A0 /* TipCalculator */ = {
			isa = PBXNativeTarget;
			buildConfigurationList = F396166A198C5BA50020F1A0 /* Build configuration list for PBXNativeTarget "TipCalculator" */;
			buildPhases = (
				F396164A198C5BA50020F1A0 /* Sources */,
				F396164B198C5BA50020F1A0 /* Frameworks */,
				F396164C198C5BA50020F1A0 /* Resources */,
			);
			buildRules = (
			);
			dependencies = (
			);
			name = TipCalculator;
			productName = TipCalculator;
			productReference = F396164E198C5BA50020F1A0 /* TipCalculator.app */;
			productType = "com.apple.product-type.application";
		};
		F396165F198C5BA50020F1A0 /* TipCalculatorTests */ = {
			isa = PBXNativeTarget;
			buildConfigurationList = F396166D198C5BA50020F1A0 /* Build configuration list for PBXNativeTarget "TipCalculatorTests" */;
			buildPhases = (
				F396165C198C5BA50020F1A0 /* Sources */,
				F396165D198C5BA50020F1A0 /* Frameworks */,
				F396165E198C5BA50020F1A0 /* Resources */,
			);
			buildRules = (
			);
			dependencies = (
				F3961662198C5BA50020F1A0 /* PBXTargetDependency */,
			);
			name = TipCalculatorTests;
			productName = TipCalculatorTests;
			productReference = F3961660198C5BA50020F1A0 /* TipCalculatorTests.xctest */;
			productType = "com.apple.product-type.bundle.unit-test";
		};
/* End PBXNativeTarget section */

/* Begin PBXProject section */
		F3961646198C5BA50020F1A0 /* Project object */ = {
			isa = PBXProject;
			attributes = {
				LastUpgradeCheck = 0600;
				ORGANIZATIONNAME = "Raymond Walintukan";
				TargetAttributes = {
					F396164D198C5BA50020F1A0 = {
						CreatedOnToolsVersion = 6.0;
					};
					F396165F198C5BA50020F1A0 = {
						CreatedOnToolsVersion = 6.0;
						TestTargetID = F396164D198C5BA50020F1A0;
					};
				};
			};
			buildConfigurationList = F3961649198C5BA50020F1A0 /* Build configuration list for PBXProject "TipCalculator" */;
			compatibilityVersion = "Xcode 3.2";
			developmentRegion = English;
			hasScannedForEncodings = 0;
			knownRegions = (
				en,
				Base,
			);
			mainGroup = F3961645198C5BA50020F1A0;
			productRefGroup = F396164F198C5BA50020F1A0 /* Products */;
			projectDirPath = "";
			projectRoot = "";
			targets = (
				F396164D198C5BA50020F1A0 /* TipCalculator */,
				F396165F198C5BA50020F1A0 /* TipCalculatorTests */,
			);
		};
/* End PBXProject section */

/* Begin PBXResourcesBuildPhase section */
		F396164C198C5BA50020F1A0 /* Resources */ = {
			isa = PBXResourcesBuildPhase;
			buildActionMask = 2147483647;
			files = (
				F3961659198C5BA50020F1A0 /* Main.storyboard in Resources */,
				F396165B198C5BA50020F1A0 /* Images.xcassets in Resources */,
			);
			runOnlyForDeploymentPostprocessing = 0;
		};
		F396165E198C5BA50020F1A0 /* Resources */ = {
			isa = PBXResourcesBuildPhase;
			buildActionMask = 2147483647;
			files = (
			);
			runOnlyForDeploymentPostprocessing = 0;
		};
/* End PBXResourcesBuildPhase section */

/* Begin PBXSourcesBuildPhase section */
		F396164A198C5BA50020F1A0 /* Sources */ = {
			isa = PBXSourcesBuildPhase;
			buildActionMask = 2147483647;
			files = (
				F3961671198C5C550020F1A0 /* TipCalculatorModel.swift in Sources */,
				F3961656198C5BA50020F1A0 /* ViewController.swift in Sources */,
				F3961654198C5BA50020F1A0 /* AppDelegate.swift in Sources */,
			);
			runOnlyForDeploymentPostprocessing = 0;
		};
		F396165C198C5BA50020F1A0 /* Sources */ = {
			isa = PBXSourcesBuildPhase;
			buildActionMask = 2147483647;
			files = (
				F3961667198C5BA50020F1A0 /* TipCalculatorTests.swift in Sources */,
			);
			runOnlyForDeploymentPostprocessing = 0;
		};
/* End PBXSourcesBuildPhase section */

/* Begin PBXTargetDependency section */
		F3961662198C5BA50020F1A0 /* PBXTargetDependency */ = {
			isa = PBXTargetDependency;
			target = F396164D198C5BA50020F1A0 /* TipCalculator */;
			targetProxy = F3961661198C5BA50020F1A0 /* PBXContainerItemProxy */;
		};
/* End PBXTargetDependency section */

/* Begin PBXVariantGroup section */
		F3961657198C5BA50020F1A0 /* Main.storyboard */ = {
			isa = PBXVariantGroup;
			children = (
				F3961658198C5BA50020F1A0 /* Base */,
			);
			name = Main.storyboard;
			sourceTree = "<group>";
		};
/* End PBXVariantGroup section */

/* Begin XCBuildConfiguration section */
		F3961668198C5BA50020F1A0 /* Debug */ = {
			isa = XCBuildConfiguration;
			buildSettings = {
				ALWAYS_SEARCH_USER_PATHS = NO;
				CLANG_CXX_LANGUAGE_STANDARD = "gnu++0x";
				CLANG_CXX_LIBRARY = "libc++";
				CLANG_ENABLE_MODULES = YES;
				CLANG_ENABLE_OBJC_ARC = YES;
				CLANG_WARN_BOOL_CONVERSION = YES;
				CLANG_WARN_CONSTANT_CONVERSION = YES;
				CLANG_WARN_DIRECT_OBJC_ISA_USAGE = YES_ERROR;
				CLANG_WARN_EMPTY_BODY = YES;
				CLANG_WARN_ENUM_CONVERSION = YES;
				CLANG_WARN_INT_CONVERSION = YES;
				CLANG_WARN_OBJC_ROOT_CLASS = YES_ERROR;
				CLANG_WARN_UNREACHABLE_CODE = YES;
				CLANG_WARN__DUPLICATE_METHOD_MATCH = YES;
				"CODE_SIGN_IDENTITY[sdk=iphoneos*]" = "iPhone Developer";
				COPY_PHASE_STRIP = NO;
				ENABLE_STRICT_OBJC_MSGSEND = YES;
				GCC_C_LANGUAGE_STANDARD = gnu99;
				GCC_DYNAMIC_NO_PIC = NO;
				GCC_OPTIMIZATION_LEVEL = 0;
				GCC_PREPROCESSOR_DEFINITIONS = (
					"DEBUG=1",
					"$(inherited)",
				);
				GCC_SYMBOLS_PRIVATE_EXTERN = NO;
				GCC_WARN_64_TO_32_BIT_CONVERSION = YES;
				GCC_WARN_ABOUT_RETURN_TYPE = YES_ERROR;
				GCC_WARN_UNDECLARED_SELECTOR = YES;
				GCC_WARN_UNINITIALIZED_AUTOS = YES_AGGRESSIVE;
				GCC_WARN_UNUSED_FUNCTION = YES;
				GCC_WARN_UNUSED_VARIABLE = YES;
				IPHONEOS_DEPLOYMENT_TARGET = 8.0;
				MTL_ENABLE_DEBUG_INFO = YES;
				ONLY_ACTIVE_ARCH = YES;
				SDKROOT = iphoneos;
				SWIFT_OPTIMIZATION_LEVEL = "-Onone";
			};
			name = Debug;
		};
		F3961669198C5BA50020F1A0 /* Release */ = {
			isa = XCBuildConfiguration;
			buildSettings = {
				ALWAYS_SEARCH_USER_PATHS = NO;
				CLANG_CXX_LANGUAGE_STANDARD = "gnu++0x";
				CLANG_CXX_LIBRARY = "libc++";
				CLANG_ENABLE_MODULES = YES;
				CLANG_ENABLE_OBJC_ARC = YES;
				CLANG_WARN_BOOL_CONVERSION = YES;
				CLANG_WARN_CONSTANT_CONVERSION = YES;
				CLANG_WARN_DIRECT_OBJC_ISA_USAGE = YES_ERROR;
				CLANG_WARN_EMPTY_BODY = YES;
				CLANG_WARN_ENUM_CONVERSION = YES;
				CLANG_WARN_INT_CONVERSION = YES;
				CLANG_WARN_OBJC_ROOT_CLASS = YES_ERROR;
				CLANG_WARN_UNREACHABLE_CODE = YES;
				CLANG_WARN__DUPLICATE_METHOD_MATCH = YES;
				"CODE_SIGN_IDENTITY[sdk=iphoneos*]" = "iPhone Developer";
				COPY_PHASE_STRIP = YES;
				ENABLE_NS_ASSERTIONS = NO;
				ENABLE_STRICT_OBJC_MSGSEND = YES;
				GCC_C_LANGUAGE_STANDARD = gnu99;
				GCC_WARN_64_TO_32_BIT_CONVERSION = YES;
				GCC_WARN_ABOUT_RETURN_TYPE = YES_ERROR;
				GCC_WARN_UNDECLARED_SELECTOR = YES;
				GCC_WARN_UNINITIALIZED_AUTOS = YES_AGGRESSIVE;
				GCC_WARN_UNUSED_FUNCTION = YES;
				GCC_WARN_UNUSED_VARIABLE = YES;
				IPHONEOS_DEPLOYMENT_TARGET = 8.0;
				MTL_ENABLE_DEBUG_INFO = NO;
				SDKROOT = iphoneos;
				VALIDATE_PRODUCT = YES;
			};
			name = Release;
		};
		F396166B198C5BA50020F1A0 /* Debug */ = {
			isa = XCBuildConfiguration;
			buildSettings = {
				ASSETCATALOG_COMPILER_APPICON_NAME = AppIcon;
				ASSETCATALOG_COMPILER_LAUNCHIMAGE_NAME = LaunchImage;
				INFOPLIST_FILE = TipCalculator/Info.plist;
				LD_RUNPATH_SEARCH_PATHS = "$(inherited) @executable_path/Frameworks";
				PRODUCT_NAME = "$(TARGET_NAME)";
			};
			name = Debug;
		};
		F396166C198C5BA50020F1A0 /* Release */ = {
			isa = XCBuildConfiguration;
			buildSettings = {
				ASSETCATALOG_COMPILER_APPICON_NAME = AppIcon;
				ASSETCATALOG_COMPILER_LAUNCHIMAGE_NAME = LaunchImage;
				INFOPLIST_FILE = TipCalculator/Info.plist;
				LD_RUNPATH_SEARCH_PATHS = "$(inherited) @executable_path/Frameworks";
				PRODUCT_NAME = "$(TARGET_NAME)";
			};
			name = Release;
		};
		F396166E198C5BA50020F1A0 /* Debug */ = {
			isa = XCBuildConfiguration;
			buildSettings = {
				BUNDLE_LOADER = "$(BUILT_PRODUCTS_DIR)/TipCalculator.app/TipCalculator";
				FRAMEWORK_SEARCH_PATHS = (
					"$(SDKROOT)/Developer/Library/Frameworks",
					"$(inherited)",
				);
				GCC_PREPROCESSOR_DEFINITIONS = (
					"DEBUG=1",
					"$(inherited)",
				);
				INFOPLIST_FILE = TipCalculatorTests/Info.plist;
				LD_RUNPATH_SEARCH_PATHS = "$(inherited) @executable_path/Frameworks @loader_path/Frameworks";
				PRODUCT_NAME = "$(TARGET_NAME)";
				TEST_HOST = "$(BUNDLE_LOADER)";
			};
			name = Debug;
		};
		F396166F198C5BA50020F1A0 /* Release */ = {
			isa = XCBuildConfiguration;
			buildSettings = {
				BUNDLE_LOADER = "$(BUILT_PRODUCTS_DIR)/TipCalculator.app/TipCalculator";
				FRAMEWORK_SEARCH_PATHS = (
					"$(SDKROOT)/Developer/Library/Frameworks",
					"$(inherited)",
				);
				INFOPLIST_FILE = TipCalculatorTests/Info.plist;
				LD_RUNPATH_SEARCH_PATHS = "$(inherited) @executable_path/Frameworks @loader_path/Frameworks";
				PRODUCT_NAME = "$(TARGET_NAME)";
				TEST_HOST = "$(BUNDLE_LOADER)";
			};
			name = Release;
		};
/* End XCBuildConfiguration section */

/* Begin XCConfigurationList section */
		F3961649198C5BA50020F1A0 /* Build configuration list for PBXProject "TipCalculator" */ = {
			isa = XCConfigurationList;
			buildConfigurations = (
				F3961668198C5BA50020F1A0 /* Debug */,
				F3961669198C5BA50020F1A0 /* Release */,
			);
			defaultConfigurationIsVisible = 0;
			defaultConfigurationName = Release;
		};
		F396166A198C5BA50020F1A0 /* Build configuration list for PBXNativeTarget "TipCalculator" */ = {
			isa = XCConfigurationList;
			buildConfigurations = (
				F396166B198C5BA50020F1A0 /* Debug */,
				F396166C198C5BA50020F1A0 /* Release */,
			);
			defaultConfigurationIsVisible = 0;
		};
		F396166D198C5BA50020F1A0 /* Build configuration list for PBXNativeTarget "TipCalculatorTests" */ = {
			isa = XCConfigurationList;
			buildConfigurations = (
				F396166E198C5BA50020F1A0 /* Debug */,
				F396166F198C5BA50020F1A0 /* Release */,
			);
			defaultConfigurationIsVisible = 0;
		};
/* End XCConfigurationList section */
	};
	rootObject = F3961646198C5BA50020F1A0 /* Project object */;
}
